// !$*UTF8*$!
{
	archiveVersion = 1;
	classes = {
	};
	objectVersion = 50;
	objects = {

/* Begin PBXBuildFile section */
		666744EF26DCDEC900491EC5 /* ContentView.swift in Sources */ = {isa = PBXBuildFile; fileRef = 666744EE26DCDEC900491EC5 /* ContentView.swift */; };
		666744F126DCDECA00491EC5 /* Assets.xcassets in Resources */ = {isa = PBXBuildFile; fileRef = 666744F026DCDECA00491EC5 /* Assets.xcassets */; };
		666744F426DCDECA00491EC5 /* Preview Assets.xcassets in Resources */ = {isa = PBXBuildFile; fileRef = 666744F326DCDECA00491EC5 /* Preview Assets.xcassets */; };
		666744F926DCDECA00491EC5 /* Chapter1_Fruit.xcdatamodeld in Sources */ = {isa = PBXBuildFile; fileRef = 666744F726DCDECA00491EC5 /* Chapter1_Fruit.xcdatamodeld */; };
		6667450526DCE04900491EC5 /* FruitModel.swift in Sources */ = {isa = PBXBuildFile; fileRef = 6667450426DCE04900491EC5 /* FruitModel.swift */; };
		6667450726DCE05F00491EC5 /* FruitData.swift in Sources */ = {isa = PBXBuildFile; fileRef = 6667450626DCE05F00491EC5 /* FruitData.swift */; };
		6667450926DCE09600491EC5 /* SettingsRowView.swift in Sources */ = {isa = PBXBuildFile; fileRef = 6667450826DCE09600491EC5 /* SettingsRowView.swift */; };
		6667450B26DCE0AA00491EC5 /* FruitCardView.swift in Sources */ = {isa = PBXBuildFile; fileRef = 6667450A26DCE0AA00491EC5 /* FruitCardView.swift */; };
		6667450D26DCE0BF00491EC5 /* StartButtonView.swift in Sources */ = {isa = PBXBuildFile; fileRef = 6667450C26DCE0BF00491EC5 /* StartButtonView.swift */; };
		6667451126DCE0E000491EC5 /* FruitRowView.swift in Sources */ = {isa = PBXBuildFile; fileRef = 6667451026DCE0E000491EC5 /* FruitRowView.swift */; };
		6667451326DCE0F200491EC5 /* FruitHeaderView.swift in Sources */ = {isa = PBXBuildFile; fileRef = 6667451226DCE0F200491EC5 /* FruitHeaderView.swift */; };
		6667451526DCE10700491EC5 /* SourceLinkView.swift in Sources */ = {isa = PBXBuildFile; fileRef = 6667451426DCE10700491EC5 /* SourceLinkView.swift */; };
		6667451726DCE11B00491EC5 /* FruitNutrientsView.swift in Sources */ = {isa = PBXBuildFile; fileRef = 6667451626DCE11B00491EC5 /* FruitNutrientsView.swift */; };
		6667451926DCE13300491EC5 /* SettingsLabelView.swift in Sources */ = {isa = PBXBuildFile; fileRef = 6667451826DCE13300491EC5 /* SettingsLabelView.swift */; };
		6667451B26DCE17400491EC5 /* FructusApp.swift in Sources */ = {isa = PBXBuildFile; fileRef = 6667451A26DCE17400491EC5 /* FructusApp.swift */; };
		6667451D26DCE18900491EC5 /* OnboardingView.swift in Sources */ = {isa = PBXBuildFile; fileRef = 6667451C26DCE18900491EC5 /* OnboardingView.swift */; };
		6667451F26DCE19E00491EC5 /* FruitDetailView.swift in Sources */ = {isa = PBXBuildFile; fileRef = 6667451E26DCE19E00491EC5 /* FruitDetailView.swift */; };
		6667452126DCE1B200491EC5 /* SettingsView.swift in Sources */ = {isa = PBXBuildFile; fileRef = 6667452026DCE1B200491EC5 /* SettingsView.swift */; };
/* End PBXBuildFile section */

/* Begin PBXFileReference section */
		666744E926DCDEC900491EC5 /* Chapter1_Fruit.app */ = {isa = PBXFileReference; explicitFileType = wrapper.application; includeInIndex = 0; path = Chapter1_Fruit.app; sourceTree = BUILT_PRODUCTS_DIR; };
		666744EE26DCDEC900491EC5 /* ContentView.swift */ = {isa = PBXFileReference; lastKnownFileType = sourcecode.swift; path = ContentView.swift; sourceTree = "<group>"; };
		666744F026DCDECA00491EC5 /* Assets.xcassets */ = {isa = PBXFileReference; lastKnownFileType = folder.assetcatalog; path = Assets.xcassets; sourceTree = "<group>"; };
		666744F326DCDECA00491EC5 /* Preview Assets.xcassets */ = {isa = PBXFileReference; lastKnownFileType = folder.assetcatalog; path = "Preview Assets.xcassets"; sourceTree = "<group>"; };
		666744F826DCDECA00491EC5 /* Chapter1_Fruit.xcdatamodel */ = {isa = PBXFileReference; lastKnownFileType = wrapper.xcdatamodel; path = Chapter1_Fruit.xcdatamodel; sourceTree = "<group>"; };
		666744FA26DCDECA00491EC5 /* Info.plist */ = {isa = PBXFileReference; lastKnownFileType = text.plist.xml; path = Info.plist; sourceTree = "<group>"; };
		6667450426DCE04900491EC5 /* FruitModel.swift */ = {isa = PBXFileReference; lastKnownFileType = sourcecode.swift; path = FruitModel.swift; sourceTree = "<group>"; };
		6667450626DCE05F00491EC5 /* FruitData.swift */ = {isa = PBXFileReference; lastKnownFileType = sourcecode.swift; path = FruitData.swift; sourceTree = "<group>"; };
		6667450826DCE09600491EC5 /* SettingsRowView.swift */ = {isa = PBXFileReference; lastKnownFileType = sourcecode.swift; path = SettingsRowView.swift; sourceTree = "<group>"; };
		6667450A26DCE0AA00491EC5 /* FruitCardView.swift */ = {isa = PBXFileReference; lastKnownFileType = sourcecode.swift; path = FruitCardView.swift; sourceTree = "<group>"; };
		6667450C26DCE0BF00491EC5 /* StartButtonView.swift */ = {isa = PBXFileReference; lastKnownFileType = sourcecode.swift; path = StartButtonView.swift; sourceTree = "<group>"; };
		6667451026DCE0E000491EC5 /* FruitRowView.swift */ = {isa = PBXFileReference; lastKnownFileType = sourcecode.swift; path = FruitRowView.swift; sourceTree = "<group>"; };
		6667451226DCE0F200491EC5 /* FruitHeaderView.swift */ = {isa = PBXFileReference; lastKnownFileType = sourcecode.swift; path = FruitHeaderView.swift; sourceTree = "<group>"; };
		6667451426DCE10700491EC5 /* SourceLinkView.swift */ = {isa = PBXFileReference; lastKnownFileType = sourcecode.swift; path = SourceLinkView.swift; sourceTree = "<group>"; };
		6667451626DCE11B00491EC5 /* FruitNutrientsView.swift */ = {isa = PBXFileReference; lastKnownFileType = sourcecode.swift; path = FruitNutrientsView.swift; sourceTree = "<group>"; };
		6667451826DCE13300491EC5 /* SettingsLabelView.swift */ = {isa = PBXFileReference; lastKnownFileType = sourcecode.swift; path = SettingsLabelView.swift; sourceTree = "<group>"; };
		6667451A26DCE17400491EC5 /* FructusApp.swift */ = {isa = PBXFileReference; lastKnownFileType = sourcecode.swift; path = FructusApp.swift; sourceTree = "<group>"; };
		6667451C26DCE18900491EC5 /* OnboardingView.swift */ = {isa = PBXFileReference; lastKnownFileType = sourcecode.swift; path = OnboardingView.swift; sourceTree = "<group>"; };
		6667451E26DCE19E00491EC5 /* FruitDetailView.swift */ = {isa = PBXFileReference; lastKnownFileType = sourcecode.swift; path = FruitDetailView.swift; sourceTree = "<group>"; };
		6667452026DCE1B200491EC5 /* SettingsView.swift */ = {isa = PBXFileReference; lastKnownFileType = sourcecode.swift; path = SettingsView.swift; sourceTree = "<group>"; };
/* End PBXFileReference section */

/* Begin PBXFrameworksBuildPhase section */
		666744E626DCDEC900491EC5 /* Frameworks */ = {
			isa = PBXFrameworksBuildPhase;
			buildActionMask = 2147483647;
			files = (
			);
			runOnlyForDeploymentPostprocessing = 0;
		};
/* End PBXFrameworksBuildPhase section */

/* Begin PBXGroup section */
		666744E026DCDEC900491EC5 = {
			isa = PBXGroup;
			children = (
				666744EB26DCDEC900491EC5 /* Chapter1_Fruit */,
				666744EA26DCDEC900491EC5 /* Products */,
			);
			sourceTree = "<group>";
		};
		666744EA26DCDEC900491EC5 /* Products */ = {
			isa = PBXGroup;
			children = (
				666744E926DCDEC900491EC5 /* Chapter1_Fruit.app */,
			);
			name = Products;
			sourceTree = "<group>";
		};
		666744EB26DCDEC900491EC5 /* Chapter1_Fruit */ = {
			isa = PBXGroup;
			children = (
				6667450026DCE01E00491EC5 /* App */,
				6667450126DCE02600491EC5 /* View */,
				6667450226DCE02E00491EC5 /* Data */,
				6667450326DCE03500491EC5 /* Model */,
				666744F026DCDECA00491EC5 /* Assets.xcassets */,
				666744FA26DCDECA00491EC5 /* Info.plist */,
				666744F726DCDECA00491EC5 /* Chapter1_Fruit.xcdatamodeld */,
				666744F226DCDECA00491EC5 /* Preview Content */,
			);
			path = Chapter1_Fruit;
			sourceTree = "<group>";
		};
		666744F226DCDECA00491EC5 /* Preview Content */ = {
			isa = PBXGroup;
			children = (
				666744F326DCDECA00491EC5 /* Preview Assets.xcassets */,
			);
			path = "Preview Content";
			sourceTree = "<group>";
		};
		6667450026DCE01E00491EC5 /* App */ = {
			isa = PBXGroup;
			children = (
				666744EE26DCDEC900491EC5 /* ContentView.swift */,
				6667451A26DCE17400491EC5 /* FructusApp.swift */,
				6667451C26DCE18900491EC5 /* OnboardingView.swift */,
				6667451E26DCE19E00491EC5 /* FruitDetailView.swift */,
				6667452026DCE1B200491EC5 /* SettingsView.swift */,
			);
			path = App;
			sourceTree = "<group>";
		};
		6667450126DCE02600491EC5 /* View */ = {
			isa = PBXGroup;
			children = (
				6667450826DCE09600491EC5 /* SettingsRowView.swift */,
				6667450A26DCE0AA00491EC5 /* FruitCardView.swift */,
				6667450C26DCE0BF00491EC5 /* StartButtonView.swift */,
				6667451026DCE0E000491EC5 /* FruitRowView.swift */,
				6667451226DCE0F200491EC5 /* FruitHeaderView.swift */,
				6667451426DCE10700491EC5 /* SourceLinkView.swift */,
				6667451626DCE11B00491EC5 /* FruitNutrientsView.swift */,
				6667451826DCE13300491EC5 /* SettingsLabelView.swift */,
			);
			path = View;
			sourceTree = "<group>";
		};
		6667450226DCE02E00491EC5 /* Data */ = {
			isa = PBXGroup;
			children = (
				6667450626DCE05F00491EC5 /* FruitData.swift */,
			);
			path = Data;
			sourceTree = "<group>";
		};
		6667450326DCE03500491EC5 /* Model */ = {
			isa = PBXGroup;
			children = (
				6667450426DCE04900491EC5 /* FruitModel.swift */,
			);
			path = Model;
			sourceTree = "<group>";
		};
/* End PBXGroup section */

/* Begin PBXNativeTarget section */
		666744E826DCDEC900491EC5 /* Chapter1_Fruit */ = {
			isa = PBXNativeTarget;
			buildConfigurationList = 666744FD26DCDECA00491EC5 /* Build configuration list for PBXNativeTarget "Chapter1_Fruit" */;
			buildPhases = (
				666744E526DCDEC900491EC5 /* Sources */,
				666744E626DCDEC900491EC5 /* Frameworks */,
				666744E726DCDEC900491EC5 /* Resources */,
			);
			buildRules = (
			);
			dependencies = (
			);
			name = Chapter1_Fruit;
			productName = Chapter1_Fruit;
			productReference = 666744E926DCDEC900491EC5 /* Chapter1_Fruit.app */;
			productType = "com.apple.product-type.application";
		};
/* End PBXNativeTarget section */

/* Begin PBXProject section */
		666744E126DCDEC900491EC5 /* Project object */ = {
			isa = PBXProject;
			attributes = {
				LastSwiftUpdateCheck = 1250;
				LastUpgradeCheck = 1250;
				TargetAttributes = {
					666744E826DCDEC900491EC5 = {
						CreatedOnToolsVersion = 12.5.1;
					};
				};
			};
			buildConfigurationList = 666744E426DCDEC900491EC5 /* Build configuration list for PBXProject "Chapter1_Fruit" */;
			compatibilityVersion = "Xcode 9.3";
			developmentRegion = en;
			hasScannedForEncodings = 0;
			knownRegions = (
				en,
				Base,
			);
			mainGroup = 666744E026DCDEC900491EC5;
			productRefGroup = 666744EA26DCDEC900491EC5 /* Products */;
			projectDirPath = "";
			projectRoot = "";
			targets = (
				666744E826DCDEC900491EC5 /* Chapter1_Fruit */,
			);
		};
/* End PBXProject section */

/* Begin PBXResourcesBuildPhase section */
		666744E726DCDEC900491EC5 /* Resources */ = {
			isa = PBXResourcesBuildPhase;
			buildActionMask = 2147483647;
			files = (
				666744F426DCDECA00491EC5 /* Preview Assets.xcassets in Resources */,
				666744F126DCDECA00491EC5 /* Assets.xcassets in Resources */,
			);
			runOnlyForDeploymentPostprocessing = 0;
		};
/* End PBXResourcesBuildPhase section */

/* Begin PBXSourcesBuildPhase section */
		666744E526DCDEC900491EC5 /* Sources */ = {
			isa = PBXSourcesBuildPhase;
			buildActionMask = 2147483647;
			files = (
				6667451126DCE0E000491EC5 /* FruitRowView.swift in Sources */,
				6667450D26DCE0BF00491EC5 /* StartButtonView.swift in Sources */,
				6667451B26DCE17400491EC5 /* FructusApp.swift in Sources */,
				6667452126DCE1B200491EC5 /* SettingsView.swift in Sources */,
				6667451F26DCE19E00491EC5 /* FruitDetailView.swift in Sources */,
				666744F926DCDECA00491EC5 /* Chapter1_Fruit.xcdatamodeld in Sources */,
				6667451726DCE11B00491EC5 /* FruitNutrientsView.swift in Sources */,
				6667450726DCE05F00491EC5 /* FruitData.swift in Sources */,
				6667450526DCE04900491EC5 /* FruitModel.swift in Sources */,
				666744EF26DCDEC900491EC5 /* ContentView.swift in Sources */,
				6667451326DCE0F200491EC5 /* FruitHeaderView.swift in Sources */,
				6667450B26DCE0AA00491EC5 /* FruitCardView.swift in Sources */,
				6667451926DCE13300491EC5 /* SettingsLabelView.swift in Sources */,
				6667451526DCE10700491EC5 /* SourceLinkView.swift in Sources */,
				6667451D26DCE18900491EC5 /* OnboardingView.swift in Sources */,
				6667450926DCE09600491EC5 /* SettingsRowView.swift in Sources */,
			);
			runOnlyForDeploymentPostprocessing = 0;
		};
/* End PBXSourcesBuildPhase section */

/* Begin XCBuildConfiguration section */
		666744FB26DCDECA00491EC5 /* Debug */ = {
			isa = XCBuildConfiguration;
			buildSettings = {
				ALWAYS_SEARCH_USER_PATHS = NO;
				CLANG_ANALYZER_NONNULL = YES;
				CLANG_ANALYZER_NUMBER_OBJECT_CONVERSION = YES_AGGRESSIVE;
				CLANG_CXX_LANGUAGE_STANDARD = "gnu++14";
				CLANG_CXX_LIBRARY = "libc++";
				CLANG_ENABLE_MODULES = YES;
				CLANG_ENABLE_OBJC_ARC = YES;
				CLANG_ENABLE_OBJC_WEAK = YES;
				CLANG_WARN_BLOCK_CAPTURE_AUTORELEASING = YES;
				CLANG_WARN_BOOL_CONVERSION = YES;
				CLANG_WARN_COMMA = YES;
				CLANG_WARN_CONSTANT_CONVERSION = YES;
				CLANG_WARN_DEPRECATED_OBJC_IMPLEMENTATIONS = YES;
				CLANG_WARN_DIRECT_OBJC_ISA_USAGE = YES_ERROR;
				CLANG_WARN_DOCUMENTATION_COMMENTS = YES;
				CLANG_WARN_EMPTY_BODY = YES;
				CLANG_WARN_ENUM_CONVERSION = YES;
				CLANG_WARN_INFINITE_RECURSION = YES;
				CLANG_WARN_INT_CONVERSION = YES;
				CLANG_WARN_NON_LITERAL_NULL_CONVERSION = YES;
				CLANG_WARN_OBJC_IMPLICIT_RETAIN_SELF = YES;
				CLANG_WARN_OBJC_LITERAL_CONVERSION = YES;
				CLANG_WARN_OBJC_ROOT_CLASS = YES_ERROR;
				CLANG_WARN_QUOTED_INCLUDE_IN_FRAMEWORK_HEADER = YES;
				CLANG_WARN_RANGE_LOOP_ANALYSIS = YES;
				CLANG_WARN_STRICT_PROTOTYPES = YES;
				CLANG_WARN_SUSPICIOUS_MOVE = YES;
				CLANG_WARN_UNGUARDED_AVAILABILITY = YES_AGGRESSIVE;
				CLANG_WARN_UNREACHABLE_CODE = YES;
				CLANG_WARN__DUPLICATE_METHOD_MATCH = YES;
				COPY_PHASE_STRIP = NO;
				DEBUG_INFORMATION_FORMAT = dwarf;
				ENABLE_STRICT_OBJC_MSGSEND = YES;
				ENABLE_TESTABILITY = YES;
				GCC_C_LANGUAGE_STANDARD = gnu11;
				GCC_DYNAMIC_NO_PIC = NO;
				GCC_NO_COMMON_BLOCKS = YES;
				GCC_OPTIMIZATION_LEVEL = 0;
				GCC_PREPROCESSOR_DEFINITIONS = (
					"DEBUG=1",
					"$(inherited)",
				);
				GCC_WARN_64_TO_32_BIT_CONVERSION = YES;
				GCC_WARN_ABOUT_RETURN_TYPE = YES_ERROR;
				GCC_WARN_UNDECLARED_SELECTOR = YES;
				GCC_WARN_UNINITIALIZED_AUTOS = YES_AGGRESSIVE;
				GCC_WARN_UNUSED_FUNCTION = YES;
				GCC_WARN_UNUSED_VARIABLE = YES;
				IPHONEOS_DEPLOYMENT_TARGET = 14.5;
				MTL_ENABLE_DEBUG_INFO = INCLUDE_SOURCE;
				MTL_FAST_MATH = YES;
				ONLY_ACTIVE_ARCH = YES;
				SDKROOT = iphoneos;
				SWIFT_ACTIVE_COMPILATION_CONDITIONS = DEBUG;
				SWIFT_OPTIMIZATION_LEVEL = "-Onone";
			};
			name = Debug;
		};
		666744FC26DCDECA00491EC5 /* Release */ = {
			isa = XCBuildConfiguration;
			buildSettings = {
				ALWAYS_SEARCH_USER_PATHS = NO;
				CLANG_ANALYZER_NONNULL = YES;
				CLANG_ANALYZER_NUMBER_OBJECT_CONVERSION = YES_AGGRESSIVE;
				CLANG_CXX_LANGUAGE_STANDARD = "gnu++14";
				CLANG_CXX_LIBRARY = "libc++";
				CLANG_ENABLE_MODULES = YES;
				CLANG_ENABLE_OBJC_ARC = YES;
				CLANG_ENABLE_OBJC_WEAK = YES;
				CLANG_WARN_BLOCK_CAPTURE_AUTORELEASING = YES;
				CLANG_WARN_BOOL_CONVERSION = YES;
				CLANG_WARN_COMMA = YES;
				CLANG_WARN_CONSTANT_CONVERSION = YES;
				CLANG_WARN_DEPRECATED_OBJC_IMPLEMENTATIONS = YES;
				CLANG_WARN_DIRECT_OBJC_ISA_USAGE = YES_ERROR;
				CLANG_WARN_DOCUMENTATION_COMMENTS = YES;
				CLANG_WARN_EMPTY_BODY = YES;
				CLANG_WARN_ENUM_CONVERSION = YES;
				CLANG_WARN_INFINITE_RECURSION = YES;
				CLANG_WARN_INT_CONVERSION = YES;
				CLANG_WARN_NON_LITERAL_NULL_CONVERSION = YES;
				CLANG_WARN_OBJC_IMPLICIT_RETAIN_SELF = YES;
				CLANG_WARN_OBJC_LITERAL_CONVERSION = YES;
				CLANG_WARN_OBJC_ROOT_CLASS = YES_ERROR;
				CLANG_WARN_QUOTED_INCLUDE_IN_FRAMEWORK_HEADER = YES;
				CLANG_WARN_RANGE_LOOP_ANALYSIS = YES;
				CLANG_WARN_STRICT_PROTOTYPES = YES;
				CLANG_WARN_SUSPICIOUS_MOVE = YES;
				CLANG_WARN_UNGUARDED_AVAILABILITY = YES_AGGRESSIVE;
				CLANG_WARN_UNREACHABLE_CODE = YES;
				CLANG_WARN__DUPLICATE_METHOD_MATCH = YES;
				COPY_PHASE_STRIP = NO;
				DEBUG_INFORMATION_FORMAT = "dwarf-with-dsym";
				ENABLE_NS_ASSERTIONS = NO;
				ENABLE_STRICT_OBJC_MSGSEND = YES;
				GCC_C_LANGUAGE_STANDARD = gnu11;
				GCC_NO_COMMON_BLOCKS = YES;
				GCC_WARN_64_TO_32_BIT_CONVERSION = YES;
				GCC_WARN_ABOUT_RETURN_TYPE = YES_ERROR;
				GCC_WARN_UNDECLARED_SELECTOR = YES;
				GCC_WARN_UNINITIALIZED_AUTOS = YES_AGGRESSIVE;
				GCC_WARN_UNUSED_FUNCTION = YES;
				GCC_WARN_UNUSED_VARIABLE = YES;
				IPHONEOS_DEPLOYMENT_TARGET = 14.5;
				MTL_ENABLE_DEBUG_INFO = NO;
				MTL_FAST_MATH = YES;
				SDKROOT = iphoneos;
				SWIFT_COMPILATION_MODE = wholemodule;
				SWIFT_OPTIMIZATION_LEVEL = "-O";
				VALIDATE_PRODUCT = YES;
			};
			name = Release;
		};
		666744FE26DCDECA00491EC5 /* Debug */ = {
			isa = XCBuildConfiguration;
			buildSettings = {
				ASSETCATALOG_COMPILER_APPICON_NAME = AppIcon;
				ASSETCATALOG_COMPILER_GLOBAL_ACCENT_COLOR_NAME = AccentColor;
				CODE_SIGN_STYLE = Automatic;
				DEVELOPMENT_ASSET_PATHS = "\"Chapter1_Fruit/Preview Content\"";
				DEVELOPMENT_TEAM = WRG5FN3566;
				ENABLE_PREVIEWS = YES;
				INFOPLIST_FILE = Chapter1_Fruit/Info.plist;
				IPHONEOS_DEPLOYMENT_TARGET = 14.0;
				LD_RUNPATH_SEARCH_PATHS = (
					"$(inherited)",
					"@executable_path/Frameworks",
				);
				PRODUCT_BUNDLE_IDENTIFIER = "com.phenixcrime.Chapter1-Fruit";
				PRODUCT_NAME = "$(TARGET_NAME)";
				SWIFT_VERSION = 5.0;
				TARGETED_DEVICE_FAMILY = "1,2";
			};
			name = Debug;
		};
		666744FF26DCDECA00491EC5 /* Release */ = {
			isa = XCBuildConfiguration;
			buildSettings = {
				ASSETCATALOG_COMPILER_APPICON_NAME = AppIcon;
				ASSETCATALOG_COMPILER_GLOBAL_ACCENT_COLOR_NAME = AccentColor;
				CODE_SIGN_STYLE = Automatic;
				DEVELOPMENT_ASSET_PATHS = "\"Chapter1_Fruit/Preview Content\"";
				DEVELOPMENT_TEAM = WRG5FN3566;
				ENABLE_PREVIEWS = YES;
				INFOPLIST_FILE = Chapter1_Fruit/Info.plist;
				IPHONEOS_DEPLOYMENT_TARGET = 14.0;
				LD_RUNPATH_SEARCH_PATHS = (
					"$(inherited)",
					"@executable_path/Frameworks",
				);
				PRODUCT_BUNDLE_IDENTIFIER = "com.phenixcrime.Chapter1-Fruit";
				PRODUCT_NAME = "$(TARGET_NAME)";
				SWIFT_VERSION = 5.0;
				TARGETED_DEVICE_FAMILY = "1,2";
			};
			name = Release;
		};
/* End XCBuildConfiguration section */

/* Begin XCConfigurationList section */
		666744E426DCDEC900491EC5 /* Build configuration list for PBXProject "Chapter1_Fruit" */ = {
			isa = XCConfigurationList;
			buildConfigurations = (
				666744FB26DCDECA00491EC5 /* Debug */,
				666744FC26DCDECA00491EC5 /* Release */,
			);
			defaultConfigurationIsVisible = 0;
			defaultConfigurationName = Release;
		};
		666744FD26DCDECA00491EC5 /* Build configuration list for PBXNativeTarget "Chapter1_Fruit" */ = {
			isa = XCConfigurationList;
			buildConfigurations = (
				666744FE26DCDECA00491EC5 /* Debug */,
				666744FF26DCDECA00491EC5 /* Release */,
			);
			defaultConfigurationIsVisible = 0;
			defaultConfigurationName = Release;
		};
/* End XCConfigurationList section */

/* Begin XCVersionGroup section */
		666744F726DCDECA00491EC5 /* Chapter1_Fruit.xcdatamodeld */ = {
			isa = XCVersionGroup;
			children = (
				666744F826DCDECA00491EC5 /* Chapter1_Fruit.xcdatamodel */,
			);
			currentVersion = 666744F826DCDECA00491EC5 /* Chapter1_Fruit.xcdatamodel */;
			path = Chapter1_Fruit.xcdatamodeld;
			sourceTree = "<group>";
			versionGroupType = wrapper.xcdatamodel;
		};
/* End XCVersionGroup section */
	};
	rootObject = 666744E126DCDEC900491EC5 /* Project object */;
}
